
Microsoft Visual Studio Solution File, Format Version 12.00
# Visual Studio 15
VisualStudioVersion = 15.0.28307.1022
MinimumVisualStudioVersion = 10.0.40219.1
Project("{FAE04EC0-301F-11D3-BF4B-00C04F79EFBC}") = "School Managment", "School Managment\School Managment.csproj", "{CE1E8054-80F9-4A17-A884-AB53BD58C091}"
EndProject
Global
	GlobalSection(SolutionConfigurationPlatforms) = preSolution
		Debug|Any CPU = Debug|Any CPU
		Release|Any CPU = Release|Any CPU
	EndGlobalSection
	GlobalSection(ProjectConfigurationPlatforms) = postSolution
		{CE1E8054-80F9-4A17-A884-AB53BD58C091}.Debug|Any CPU.ActiveCfg = Debug|Any CPU
		{CE1E8054-80F9-4A17-A884-AB53BD58C091}.Debug|Any CPU.Build.0 = Debug|Any CPU
		{CE1E8054-80F9-4A17-A884-AB53BD58C091}.Release|Any CPU.ActiveCfg = Release|Any CPU
		{CE1E8054-80F9-4A17-A884-AB53BD58C091}.Release|Any CPU.Build.0 = Release|Any CPU
	EndGlobalSection
	GlobalSection(SolutionProperties) = preSolution
		HideSolutionNode = FALSE
	EndGlobalSection
	GlobalSection(ExtensibilityGlobals) = postSolution
		SolutionGuid = {4394CE0D-C166-489A-B876-8097575FECC5}
	EndGlobalSection
EndGlobal
